
Microsoft Visual Studio Solution File, Format Version 12.00
# Visual Studio Version 16
VisualStudioVersion = 16.0.29709.97
MinimumVisualStudioVersion = 10.0.40219.1
Project("{9A19103F-16F7-4668-BE54-9A1E7A4F7556}") = "Entidades", "Entidades\Entidades.csproj", "{6330E8D3-DA0B-4FD1-AD16-1293CD48EC40}"
EndProject
Project("{9A19103F-16F7-4668-BE54-9A1E7A4F7556}") = "Repository", "Repository\Repository.csproj", "{1B669BE1-E3EE-4623-8BE6-4F23AE897A9C}"
EndProject
Project("{9A19103F-16F7-4668-BE54-9A1E7A4F7556}") = "DemoAPi", "DemoApi\DemoAPi.csproj", "{F4B4C64F-C7A4-4C14-8763-757D049DFC41}"
EndProject
Global
	GlobalSection(SolutionConfigurationPlatforms) = preSolution
		Debug|Any CPU = Debug|Any CPU
		Release|Any CPU = Release|Any CPU
	EndGlobalSection
	GlobalSection(ProjectConfigurationPlatforms) = postSolution
		{6330E8D3-DA0B-4FD1-AD16-1293CD48EC40}.Debug|Any CPU.ActiveCfg = Debug|Any CPU
		{6330E8D3-DA0B-4FD1-AD16-1293CD48EC40}.Debug|Any CPU.Build.0 = Debug|Any CPU
		{6330E8D3-DA0B-4FD1-AD16-1293CD48EC40}.Release|Any CPU.ActiveCfg = Release|Any CPU
		{6330E8D3-DA0B-4FD1-AD16-1293CD48EC40}.Release|Any CPU.Build.0 = Release|Any CPU
		{1B669BE1-E3EE-4623-8BE6-4F23AE897A9C}.Debug|Any CPU.ActiveCfg = Debug|Any CPU
		{1B669BE1-E3EE-4623-8BE6-4F23AE897A9C}.Debug|Any CPU.Build.0 = Debug|Any CPU
		{1B669BE1-E3EE-4623-8BE6-4F23AE897A9C}.Release|Any CPU.ActiveCfg = Release|Any CPU
		{1B669BE1-E3EE-4623-8BE6-4F23AE897A9C}.Release|Any CPU.Build.0 = Release|Any CPU
		{F4B4C64F-C7A4-4C14-8763-757D049DFC41}.Debug|Any CPU.ActiveCfg = Debug|Any CPU
		{F4B4C64F-C7A4-4C14-8763-757D049DFC41}.Debug|Any CPU.Build.0 = Debug|Any CPU
		{F4B4C64F-C7A4-4C14-8763-757D049DFC41}.Release|Any CPU.ActiveCfg = Release|Any CPU
		{F4B4C64F-C7A4-4C14-8763-757D049DFC41}.Release|Any CPU.Build.0 = Release|Any CPU
	EndGlobalSection
	GlobalSection(SolutionProperties) = preSolution
		HideSolutionNode = FALSE
	EndGlobalSection
	GlobalSection(ExtensibilityGlobals) = postSolution
		SolutionGuid = {14F3F359-BD2D-4DE3-835A-756B45997829}
	EndGlobalSection
EndGlobal
